
Microsoft Visual Studio Solution File, Format Version 12.00
# Visual Studio Version 17
VisualStudioVersion = 17.11.35005.142
MinimumVisualStudioVersion = 10.0.40219.1
Project("{FAE04EC0-301F-11D3-BF4B-00C04F79EFBC}") = "UrlSomething", "UrlSomething.csproj", "{0661A546-7429-4778-AA18-7F9330A45DBC}"
EndProject
Global
	GlobalSection(SolutionConfigurationPlatforms) = preSolution
		Debug|Any CPU = Debug|Any CPU
		Release|Any CPU = Release|Any CPU
	EndGlobalSection
	GlobalSection(ProjectConfigurationPlatforms) = postSolution
		{0661A546-7429-4778-AA18-7F9330A45DBC}.Debug|Any CPU.ActiveCfg = Debug|Any CPU
		{0661A546-7429-4778-AA18-7F9330A45DBC}.Debug|Any CPU.Build.0 = Debug|Any CPU
		{0661A546-7429-4778-AA18-7F9330A45DBC}.Release|Any CPU.ActiveCfg = Release|Any CPU
		{0661A546-7429-4778-AA18-7F9330A45DBC}.Release|Any CPU.Build.0 = Release|Any CPU
	EndGlobalSection
	GlobalSection(SolutionProperties) = preSolution
		HideSolutionNode = FALSE
	EndGlobalSection
	GlobalSection(ExtensibilityGlobals) = postSolution
		SolutionGuid = {36A854EE-6BCC-4F68-8222-F920226BFB51}
	EndGlobalSection
EndGlobal
